{
  "originHash" : "fd2c6b8ddec6754b8a59dc00d68f84024cf60fd078c491bf813baeed8c8a1341",
  "pins" : [
    {
      "identity" : "alamofire",
      "kind" : "remoteSourceControl",
      "location" : "https://github.com/alamofire/alamofire",
      "state" : {
        "revision" : "513364f870f6bfc468f9d2ff0a95caccc10044c5",
        "version" : "5.10.2"
      }
    }
  ],
  "version" : 3
}
