// !$*UTF8*$!
{
	archiveVersion = 1;
	classes = {
	};
	objectVersion = 56;
	objects = {

/* Begin PBXBuildFile section */
		0C29DE9E2FD9BA11006675D9 /* LocationService.swift in Sources */ = {isa = PBXBuildFile; fileRef = 0C29DE9D2FD9BA11006675D9 /* LocationService.swift */; };
		0C29DEA12FD9BD9E006675D9 /* LocationError.swift in Sources */ = {isa = PBXBuildFile; fileRef = 0C29DEA02FD9BD9E006675D9 /* LocationError.swift */; };
		0C29DEA42FD9DEC3006675D9 /* CurrentWeatherSection.swift in Sources */ = {isa = PBXBuildFile; fileRef = 0C29DEA32FD9DEC3006675D9 /* CurrentWeatherSection.swift */; };
		0C29DEA62FD9EDDD006675D9 /* HeaderView.swift in Sources */ = {isa = PBXBuildFile; fileRef = 0C29DEA52FD9EDDD006675D9 /* HeaderView.swift */; };
		0C29DEA82FD9EF38006675D9 /* AppTheme+UI.swift in Sources */ = {isa = PBXBuildFile; fileRef = 0C29DEA72FD9EF38006675D9 /* AppTheme+UI.swift */; };
		0C29DEAA2FDA02BC006675D9 /* AlertSection.swift in Sources */ = {isa = PBXBuildFile; fileRef = 0C29DEA92FDA02BC006675D9 /* AlertSection.swift */; };
		0C29DEAC2FDA0471006675D9 /* HourlyForecastSection.swift in Sources */ = {isa = PBXBuildFile; fileRef = 0C29DEAB2FDA0471006675D9 /* HourlyForecastSection.swift */; };
		0C29DEAE2FDA0A02006675D9 /* MockData.swift in Sources */ = {isa = PBXBuildFile; fileRef = 0C29DEAD2FDA0A02006675D9 /* MockData.swift */; };
		0C29DEB02FDA0B85006675D9 /* String+DateFormat.swift in Sources */ = {isa = PBXBuildFile; fileRef = 0C29DEAF2FDA0B85006675D9 /* String+DateFormat.swift */; };
		0C29DEB22FDA0C01006675D9 /* GlassCardModifier.swift in Sources */ = {isa = PBXBuildFile; fileRef = 0C29DEB12FDA0C01006675D9 /* GlassCardModifier.swift */; };
		0C29DEB42FDA0DD5006675D9 /* DailyForecastSection.swift in Sources */ = {isa = PBXBuildFile; fileRef = 0C29DEB32FDA0DD5006675D9 /* DailyForecastSection.swift */; };
		0C29DEB62FDA1E99006675D9 /* WeatherMetricsGrid.swift in Sources */ = {isa = PBXBuildFile; fileRef = 0C29DEB52FDA1E99006675D9 /* WeatherMetricsGrid.swift */; };
		0C29DEB82FDA1FE3006675D9 /* TemperatureColorHelper.swift in Sources */ = {isa = PBXBuildFile; fileRef = 0C29DEB72FDA1FE3006675D9 /* TemperatureColorHelper.swift */; };
		0C29DEBA2FDA23D9006675D9 /* MiniSparklineView.swift in Sources */ = {isa = PBXBuildFile; fileRef = 0C29DEB92FDA23D9006675D9 /* MiniSparklineView.swift */; };
		0C29DEBC2FDA23F0006675D9 /* MetricCardView.swift in Sources */ = {isa = PBXBuildFile; fileRef = 0C29DEBB2FDA23F0006675D9 /* MetricCardView.swift */; };
		0C29DEBE2FDA2C99006675D9 /* FullDailyForecastView.swift in Sources */ = {isa = PBXBuildFile; fileRef = 0C29DEBD2FDA2C99006675D9 /* FullDailyForecastView.swift */; };
		0C3F36F12FD8B00800A1DECC /* WeatherResponse.swift in Sources */ = {isa = PBXBuildFile; fileRef = 0C3F36F02FD8B00800A1DECC /* WeatherResponse.swift */; };
		0C3F36F32FD8B4C900A1DECC /* Coordinate.swift in Sources */ = {isa = PBXBuildFile; fileRef = 0C3F36F22FD8B4C900A1DECC /* Coordinate.swift */; };
		0C3F36F52FD8B7A900A1DECC /* WeatherEntity.swift in Sources */ = {isa = PBXBuildFile; fileRef = 0C3F36F42FD8B7A900A1DECC /* WeatherEntity.swift */; };
		0C3F36F72FD8B98300A1DECC /* WeatherMapper.swift in Sources */ = {isa = PBXBuildFile; fileRef = 0C3F36F62FD8B98300A1DECC /* WeatherMapper.swift */; };
		0C3F36FC2FD8BBF300A1DECC /* String+URL.swift in Sources */ = {isa = PBXBuildFile; fileRef = 0C3F36FB2FD8BBF300A1DECC /* String+URL.swift */; };
		0C3F36FF2FD8CAAC00A1DECC /* WeatherRepository.swift in Sources */ = {isa = PBXBuildFile; fileRef = 0C3F36FE2FD8CAAC00A1DECC /* WeatherRepository.swift */; };
		0C3F370A2FD8D05600A1DECC /* WeatherUseCase.swift in Sources */ = {isa = PBXBuildFile; fileRef = 0C3F37092FD8D05600A1DECC /* WeatherUseCase.swift */; };
		0C3F370C2FD8E8AD00A1DECC /* AppTheme.swift in Sources */ = {isa = PBXBuildFile; fileRef = 0C3F370B2FD8E8AD00A1DECC /* AppTheme.swift */; };
		0CF9EF212FD77CB500FB2C6D /* SkyGlassApp.swift in Sources */ = {isa = PBXBuildFile; fileRef = 0CF9EF202FD77CB500FB2C6D /* SkyGlassApp.swift */; };
		0CF9EF272FD77CB600FB2C6D /* Assets.xcassets in Resources */ = {isa = PBXBuildFile; fileRef = 0CF9EF262FD77CB600FB2C6D /* Assets.xcassets */; };
		0CF9EF2A2FD77CB600FB2C6D /* Preview Assets.xcassets in Resources */ = {isa = PBXBuildFile; fileRef = 0CF9EF292FD77CB600FB2C6D /* Preview Assets.xcassets */; };
		0CF9EF342FD77CB700FB2C6D /* SkyGlassTests.swift in Sources */ = {isa = PBXBuildFile; fileRef = 0CF9EF332FD77CB700FB2C6D /* SkyGlassTests.swift */; };
		0CF9EF3E2FD77CB700FB2C6D /* SkyGlassUITests.swift in Sources */ = {isa = PBXBuildFile; fileRef = 0CF9EF3D2FD77CB700FB2C6D /* SkyGlassUITests.swift */; };
		0CF9EF402FD77CB700FB2C6D /* SkyGlassUITestsLaunchTests.swift in Sources */ = {isa = PBXBuildFile; fileRef = 0CF9EF3F2FD77CB700FB2C6D /* SkyGlassUITestsLaunchTests.swift */; };
		0CF9EF5A2FD7A7CC00FB2C6D /* AppRouter.swift in Sources */ = {isa = PBXBuildFile; fileRef = 0CF9EF592FD7A7CC00FB2C6D /* AppRouter.swift */; };
		0CFCAB992FD852700031F73C /* RootViewModel.swift in Sources */ = {isa = PBXBuildFile; fileRef = 0CFCAB982FD852700031F73C /* RootViewModel.swift */; };
		0CFCAB9B2FD8542A0031F73C /* RootView.swift in Sources */ = {isa = PBXBuildFile; fileRef = 0CFCAB9A2FD8542A0031F73C /* RootView.swift */; };
		0CFCABAB2FD85C340031F73C /* SearchViewModel.swift in Sources */ = {isa = PBXBuildFile; fileRef = 0CFCAB9C2FD85C340031F73C /* SearchViewModel.swift */; };
		0CFCABAC2FD85C340031F73C /* SearchView.swift in Sources */ = {isa = PBXBuildFile; fileRef = 0CFCAB9E2FD85C340031F73C /* SearchView.swift */; };
		0CFCABAD2FD85C340031F73C /* FavoriteViewModel.swift in Sources */ = {isa = PBXBuildFile; fileRef = 0CFCABA12FD85C340031F73C /* FavoriteViewModel.swift */; };
		0CFCABAE2FD85C340031F73C /* FavoriteView.swift in Sources */ = {isa = PBXBuildFile; fileRef = 0CFCABA32FD85C340031F73C /* FavoriteView.swift */; };
		0CFCABAF2FD85C340031F73C /* WeatherViewModel.swift in Sources */ = {isa = PBXBuildFile; fileRef = 0CFCABA62FD85C340031F73C /* WeatherViewModel.swift */; };
		0CFCABB02FD85C340031F73C /* WeatherView.swift in Sources */ = {isa = PBXBuildFile; fileRef = 0CFCABA82FD85C340031F73C /* WeatherView.swift */; };
		0CFCABB22FD85DF60031F73C /* SplashView.swift in Sources */ = {isa = PBXBuildFile; fileRef = 0CFCABB12FD85DF60031F73C /* SplashView.swift */; };
		0CFCABB42FD8621D0031F73C /* AppContainer.swift in Sources */ = {isa = PBXBuildFile; fileRef = 0CFCABB32FD8621D0031F73C /* AppContainer.swift */; };
		0CFCABB62FD8682C0031F73C /* ApiError.swift in Sources */ = {isa = PBXBuildFile; fileRef = 0CFCABB52FD8682C0031F73C /* ApiError.swift */; };
		0CFCABB82FD868480031F73C /* ApiConstants.swift in Sources */ = {isa = PBXBuildFile; fileRef = 0CFCABB72FD868480031F73C /* ApiConstants.swift */; };
		0CFCABBA2FD8685E0031F73C /* ApiClient.swift in Sources */ = {isa = PBXBuildFile; fileRef = 0CFCABB92FD8685E0031F73C /* ApiClient.swift */; };
		0CFCABBF2FD876860031F73C /* SkyGlass-Local.xcconfig.example in Resources */ = {isa = PBXBuildFile; fileRef = 0CFCABBC2FD876860031F73C /* SkyGlass-Local.xcconfig.example */; };
		0CFCABC02FD876860031F73C /* SkyGlass.xcconfig in Resources */ = {isa = PBXBuildFile; fileRef = 0CFCABBD2FD876860031F73C /* SkyGlass.xcconfig */; };
		0CFCABC32FD88CF30031F73C /* ApiKeyInterceptor.swift in Sources */ = {isa = PBXBuildFile; fileRef = 0CFCABC22FD88CF30031F73C /* ApiKeyInterceptor.swift */; };
		0CFCABC72FD894250031F73C /* Alamofire in Frameworks */ = {isa = PBXBuildFile; productRef = 0CFCABC62FD894250031F73C /* Alamofire */; };
		0CFCABCB2FD8976C0031F73C /* ApiEndpint.swift in Sources */ = {isa = PBXBuildFile; fileRef = 0CFCABCA2FD8976C0031F73C /* ApiEndpint.swift */; };
		0CFCABCF2FD898D00031F73C /* WeatherServices.swift in Sources */ = {isa = PBXBuildFile; fileRef = 0CFCABCE2FD898D00031F73C /* WeatherServices.swift */; };
/* End PBXBuildFile section */

/* Begin PBXContainerItemProxy section */
		0CF9EF302FD77CB700FB2C6D /* PBXContainerItemProxy */ = {
			isa = PBXContainerItemProxy;
			containerPortal = 0CF9EF152FD77CB500FB2C6D /* Project object */;
			proxyType = 1;
			remoteGlobalIDString = 0CF9EF1C2FD77CB500FB2C6D;
			remoteInfo = SkyGlass;
		};
		0CF9EF3A2FD77CB700FB2C6D /* PBXContainerItemProxy */ = {
			isa = PBXContainerItemProxy;
			containerPortal = 0CF9EF152FD77CB500FB2C6D /* Project object */;
			proxyType = 1;
			remoteGlobalIDString = 0CF9EF1C2FD77CB500FB2C6D;
			remoteInfo = SkyGlass;
		};
/* End PBXContainerItemProxy section */

/* Begin PBXFileReference section */
		0C29DE9D2FD9BA11006675D9 /* LocationService.swift */ = {isa = PBXFileReference; lastKnownFileType = sourcecode.swift; path = LocationService.swift; sourceTree = "<group>"; };
		0C29DEA02FD9BD9E006675D9 /* LocationError.swift */ = {isa = PBXFileReference; lastKnownFileType = sourcecode.swift; path = LocationError.swift; sourceTree = "<group>"; };
		0C29DEA32FD9DEC3006675D9 /* CurrentWeatherSection.swift */ = {isa = PBXFileReference; lastKnownFileType = sourcecode.swift; path = CurrentWeatherSection.swift; sourceTree = "<group>"; };
		0C29DEA52FD9EDDD006675D9 /* HeaderView.swift */ = {isa = PBXFileReference; lastKnownFileType = sourcecode.swift; path = HeaderView.swift; sourceTree = "<group>"; };
		0C29DEA72FD9EF38006675D9 /* AppTheme+UI.swift */ = {isa = PBXFileReference; lastKnownFileType = sourcecode.swift; path = "AppTheme+UI.swift"; sourceTree = "<group>"; };
		0C29DEA92FDA02BC006675D9 /* AlertSection.swift */ = {isa = PBXFileReference; lastKnownFileType = sourcecode.swift; path = AlertSection.swift; sourceTree = "<group>"; };
		0C29DEAB2FDA0471006675D9 /* HourlyForecastSection.swift */ = {isa = PBXFileReference; lastKnownFileType = sourcecode.swift; path = HourlyForecastSection.swift; sourceTree = "<group>"; };
		0C29DEAD2FDA0A02006675D9 /* MockData.swift */ = {isa = PBXFileReference; lastKnownFileType = sourcecode.swift; path = MockData.swift; sourceTree = "<group>"; };
		0C29DEAF2FDA0B85006675D9 /* String+DateFormat.swift */ = {isa = PBXFileReference; lastKnownFileType = sourcecode.swift; path = "String+DateFormat.swift"; sourceTree = "<group>"; };
		0C29DEB12FDA0C01006675D9 /* GlassCardModifier.swift */ = {isa = PBXFileReference; lastKnownFileType = sourcecode.swift; path = GlassCardModifier.swift; sourceTree = "<group>"; };
		0C29DEB32FDA0DD5006675D9 /* DailyForecastSection.swift */ = {isa = PBXFileReference; lastKnownFileType = sourcecode.swift; path = DailyForecastSection.swift; sourceTree = "<group>"; };
		0C29DEB52FDA1E99006675D9 /* WeatherMetricsGrid.swift */ = {isa = PBXFileReference; lastKnownFileType = sourcecode.swift; path = WeatherMetricsGrid.swift; sourceTree = "<group>"; };
		0C29DEB72FDA1FE3006675D9 /* TemperatureColorHelper.swift */ = {isa = PBXFileReference; lastKnownFileType = sourcecode.swift; path = TemperatureColorHelper.swift; sourceTree = "<group>"; };
		0C29DEB92FDA23D9006675D9 /* MiniSparklineView.swift */ = {isa = PBXFileReference; lastKnownFileType = sourcecode.swift; path = MiniSparklineView.swift; sourceTree = "<group>"; };
		0C29DEBB2FDA23F0006675D9 /* MetricCardView.swift */ = {isa = PBXFileReference; lastKnownFileType = sourcecode.swift; path = MetricCardView.swift; sourceTree = "<group>"; };
		0C29DEBD2FDA2C99006675D9 /* FullDailyForecastView.swift */ = {isa = PBXFileReference; lastKnownFileType = sourcecode.swift; path = FullDailyForecastView.swift; sourceTree = "<group>"; };
		0C3F36F02FD8B00800A1DECC /* WeatherResponse.swift */ = {isa = PBXFileReference; lastKnownFileType = sourcecode.swift; path = WeatherResponse.swift; sourceTree = "<group>"; };
		0C3F36F22FD8B4C900A1DECC /* Coordinate.swift */ = {isa = PBXFileReference; lastKnownFileType = sourcecode.swift; path = Coordinate.swift; sourceTree = "<group>"; };
		0C3F36F42FD8B7A900A1DECC /* WeatherEntity.swift */ = {isa = PBXFileReference; lastKnownFileType = sourcecode.swift; path = WeatherEntity.swift; sourceTree = "<group>"; };
		0C3F36F62FD8B98300A1DECC /* WeatherMapper.swift */ = {isa = PBXFileReference; lastKnownFileType = sourcecode.swift; path = WeatherMapper.swift; sourceTree = "<group>"; };
		0C3F36FB2FD8BBF300A1DECC /* String+URL.swift */ = {isa = PBXFileReference; lastKnownFileType = sourcecode.swift; path = "String+URL.swift"; sourceTree = "<group>"; };
		0C3F36FE2FD8CAAC00A1DECC /* WeatherRepository.swift */ = {isa = PBXFileReference; lastKnownFileType = sourcecode.swift; path = WeatherRepository.swift; sourceTree = "<group>"; };
		0C3F37092FD8D05600A1DECC /* WeatherUseCase.swift */ = {isa = PBXFileReference; lastKnownFileType = sourcecode.swift; path = WeatherUseCase.swift; sourceTree = "<group>"; };
		0C3F370B2FD8E8AD00A1DECC /* AppTheme.swift */ = {isa = PBXFileReference; lastKnownFileType = sourcecode.swift; path = AppTheme.swift; sourceTree = "<group>"; };
		0C3F370D2FD8F52A00A1DECC /* Info.plist */ = {isa = PBXFileReference; lastKnownFileType = text.plist; path = Info.plist; sourceTree = "<group>"; };
		0CF9EF1D2FD77CB500FB2C6D /* SkyGlass.app */ = {isa = PBXFileReference; explicitFileType = wrapper.application; includeInIndex = 0; path = SkyGlass.app; sourceTree = BUILT_PRODUCTS_DIR; };
		0CF9EF202FD77CB500FB2C6D /* SkyGlassApp.swift */ = {isa = PBXFileReference; lastKnownFileType = sourcecode.swift; path = SkyGlassApp.swift; sourceTree = "<group>"; };
		0CF9EF262FD77CB600FB2C6D /* Assets.xcassets */ = {isa = PBXFileReference; lastKnownFileType = folder.assetcatalog; path = Assets.xcassets; sourceTree = "<group>"; };
		0CF9EF292FD77CB600FB2C6D /* Preview Assets.xcassets */ = {isa = PBXFileReference; lastKnownFileType = folder.assetcatalog; path = "Preview Assets.xcassets"; sourceTree = "<group>"; };
		0CF9EF2F2FD77CB700FB2C6D /* SkyGlassTests.xctest */ = {isa = PBXFileReference; explicitFileType = wrapper.cfbundle; includeInIndex = 0; path = SkyGlassTests.xctest; sourceTree = BUILT_PRODUCTS_DIR; };
		0CF9EF332FD77CB700FB2C6D /* SkyGlassTests.swift */ = {isa = PBXFileReference; lastKnownFileType = sourcecode.swift; path = SkyGlassTests.swift; sourceTree = "<group>"; };
		0CF9EF392FD77CB700FB2C6D /* SkyGlassUITests.xctest */ = {isa = PBXFileReference; explicitFileType = wrapper.cfbundle; includeInIndex = 0; path = SkyGlassUITests.xctest; sourceTree = BUILT_PRODUCTS_DIR; };
		0CF9EF3D2FD77CB700FB2C6D /* SkyGlassUITests.swift */ = {isa = PBXFileReference; lastKnownFileType = sourcecode.swift; path = SkyGlassUITests.swift; sourceTree = "<group>"; };
		0CF9EF3F2FD77CB700FB2C6D /* SkyGlassUITestsLaunchTests.swift */ = {isa = PBXFileReference; lastKnownFileType = sourcecode.swift; path = SkyGlassUITestsLaunchTests.swift; sourceTree = "<group>"; };
		0CF9EF592FD7A7CC00FB2C6D /* AppRouter.swift */ = {isa = PBXFileReference; lastKnownFileType = sourcecode.swift; path = AppRouter.swift; sourceTree = "<group>"; };
		0CFCAB982FD852700031F73C /* RootViewModel.swift */ = {isa = PBXFileReference; lastKnownFileType = sourcecode.swift; path = RootViewModel.swift; sourceTree = "<group>"; };
		0CFCAB9A2FD8542A0031F73C /* RootView.swift */ = {isa = PBXFileReference; lastKnownFileType = sourcecode.swift; path = RootView.swift; sourceTree = "<group>"; };
		0CFCAB9C2FD85C340031F73C /* SearchViewModel.swift */ = {isa = PBXFileReference; fileEncoding = 4; lastKnownFileType = sourcecode.swift; path = SearchViewModel.swift; sourceTree = "<group>"; };
		0CFCAB9E2FD85C340031F73C /* SearchView.swift */ = {isa = PBXFileReference; fileEncoding = 4; lastKnownFileType = sourcecode.swift; path = SearchView.swift; sourceTree = "<group>"; };
		0CFCABA12FD85C340031F73C /* FavoriteViewModel.swift */ = {isa = PBXFileReference; fileEncoding = 4; lastKnownFileType = sourcecode.swift; path = FavoriteViewModel.swift; sourceTree = "<group>"; };
		0CFCABA32FD85C340031F73C /* FavoriteView.swift */ = {isa = PBXFileReference; fileEncoding = 4; lastKnownFileType = sourcecode.swift; path = FavoriteView.swift; sourceTree = "<group>"; };
		0CFCABA62FD85C340031F73C /* WeatherViewModel.swift */ = {isa = PBXFileReference; fileEncoding = 4; lastKnownFileType = sourcecode.swift; path = WeatherViewModel.swift; sourceTree = "<group>"; };
		0CFCABA82FD85C340031F73C /* WeatherView.swift */ = {isa = PBXFileReference; fileEncoding = 4; lastKnownFileType = sourcecode.swift; path = WeatherView.swift; sourceTree = "<group>"; };
		0CFCABB12FD85DF60031F73C /* SplashView.swift */ = {isa = PBXFileReference; lastKnownFileType = sourcecode.swift; path = SplashView.swift; sourceTree = "<group>"; };
		0CFCABB32FD8621D0031F73C /* AppContainer.swift */ = {isa = PBXFileReference; lastKnownFileType = sourcecode.swift; path = AppContainer.swift; sourceTree = "<group>"; };
		0CFCABB52FD8682C0031F73C /* ApiError.swift */ = {isa = PBXFileReference; lastKnownFileType = sourcecode.swift; path = ApiError.swift; sourceTree = "<group>"; };
		0CFCABB72FD868480031F73C /* ApiConstants.swift */ = {isa = PBXFileReference; lastKnownFileType = sourcecode.swift; path = ApiConstants.swift; sourceTree = "<group>"; };
		0CFCABB92FD8685E0031F73C /* ApiClient.swift */ = {isa = PBXFileReference; lastKnownFileType = sourcecode.swift; path = ApiClient.swift; sourceTree = "<group>"; };
		0CFCABBC2FD876860031F73C /* SkyGlass-Local.xcconfig.example */ = {isa = PBXFileReference; fileEncoding = 4; lastKnownFileType = text; path = "SkyGlass-Local.xcconfig.example"; sourceTree = "<group>"; };
		0CFCABBD2FD876860031F73C /* SkyGlass.xcconfig */ = {isa = PBXFileReference; fileEncoding = 4; lastKnownFileType = text.xcconfig; path = SkyGlass.xcconfig; sourceTree = "<group>"; };
		0CFCABC12FD878D50031F73C /* SkyGlass-Local.xcconfig */ = {isa = PBXFileReference; lastKnownFileType = text.xcconfig; path = "SkyGlass-Local.xcconfig"; sourceTree = "<group>"; };
		0CFCABC22FD88CF30031F73C /* ApiKeyInterceptor.swift */ = {isa = PBXFileReference; lastKnownFileType = sourcecode.swift; path = ApiKeyInterceptor.swift; sourceTree = "<group>"; };
		0CFCABCA2FD8976C0031F73C /* ApiEndpint.swift */ = {isa = PBXFileReference; lastKnownFileType = sourcecode.swift; path = ApiEndpint.swift; sourceTree = "<group>"; };
		0CFCABCE2FD898D00031F73C /* WeatherServices.swift */ = {isa = PBXFileReference; lastKnownFileType = sourcecode.swift; path = WeatherServices.swift; sourceTree = "<group>"; };
/* End PBXFileReference section */

/* Begin PBXFrameworksBuildPhase section */
		0CF9EF1A2FD77CB500FB2C6D /* Frameworks */ = {
			isa = PBXFrameworksBuildPhase;
			buildActionMask = 2147483647;
			files = (
				0CFCABC72FD894250031F73C /* Alamofire in Frameworks */,
			);
			runOnlyForDeploymentPostprocessing = 0;
		};
		0CF9EF2C2FD77CB700FB2C6D /* Frameworks */ = {
			isa = PBXFrameworksBuildPhase;
			buildActionMask = 2147483647;
			files = (
			);
			runOnlyForDeploymentPostprocessing = 0;
		};
		0CF9EF362FD77CB700FB2C6D /* Frameworks */ = {
			isa = PBXFrameworksBuildPhase;
			buildActionMask = 2147483647;
			files = (
			);
			runOnlyForDeploymentPostprocessing = 0;
		};
/* End PBXFrameworksBuildPhase section */

/* Begin PBXGroup section */
		0C29DE9F2FD9BD8D006675D9 /* Location */ = {
			isa = PBXGroup;
			children = (
				0C29DEA02FD9BD9E006675D9 /* LocationError.swift */,
			);
			path = Location;
			sourceTree = "<group>";
		};
		0C29DEA22FD9DEB7006675D9 /* Views */ = {
			isa = PBXGroup;
			children = (
				0C29DEA32FD9DEC3006675D9 /* CurrentWeatherSection.swift */,
				0C29DEA52FD9EDDD006675D9 /* HeaderView.swift */,
				0C29DEA92FDA02BC006675D9 /* AlertSection.swift */,
				0C29DEAB2FDA0471006675D9 /* HourlyForecastSection.swift */,
				0C29DEB32FDA0DD5006675D9 /* DailyForecastSection.swift */,
				0C29DEB52FDA1E99006675D9 /* WeatherMetricsGrid.swift */,
				0C29DEB92FDA23D9006675D9 /* MiniSparklineView.swift */,
				0C29DEBB2FDA23F0006675D9 /* MetricCardView.swift */,
			);
			path = Views;
			sourceTree = "<group>";
		};
		0C3F36F82FD8BB1600A1DECC /* Theme */ = {
			isa = PBXGroup;
			children = (
				0C3F370B2FD8E8AD00A1DECC /* AppTheme.swift */,
				0C29DEA72FD9EF38006675D9 /* AppTheme+UI.swift */,
			);
			path = Theme;
			sourceTree = "<group>";
		};
		0C3F37002FD8CF7600A1DECC /* Data */ = {
			isa = PBXGroup;
			children = (
				0C3F37052FD8CFDF00A1DECC /* Repos */,
				0C3F37042FD8CFC600A1DECC /* Services */,
				0C3F37032FD8CFAD00A1DECC /* Models */,
			);
			path = Data;
			sourceTree = "<group>";
		};
		0C3F37012FD8CF8000A1DECC /* Domain */ = {
			isa = PBXGroup;
			children = (
				0C3F37082FD8D03600A1DECC /* UseCases */,
				0C3F37072FD8D01700A1DECC /* Mapper */,
				0C3F37062FD8D00200A1DECC /* Entities */,
			);
			path = Domain;
			sourceTree = "<group>";
		};
		0C3F37022FD8CF8600A1DECC /* Presentation */ = {
			isa = PBXGroup;
			children = (
				0CFCABA92FD85C340031F73C /* View */,
				0CFCABA72FD85C340031F73C /* ViewModels */,
			);
			path = Presentation;
			sourceTree = "<group>";
		};
		0C3F37032FD8CFAD00A1DECC /* Models */ = {
			isa = PBXGroup;
			children = (
				0C3F36F02FD8B00800A1DECC /* WeatherResponse.swift */,
			);
			path = Models;
			sourceTree = "<group>";
		};
		0C3F37042FD8CFC600A1DECC /* Services */ = {
			isa = PBXGroup;
			children = (
				0CFCABCE2FD898D00031F73C /* WeatherServices.swift */,
				0C29DE9D2FD9BA11006675D9 /* LocationService.swift */,
			);
			path = Services;
			sourceTree = "<group>";
		};
		0C3F37052FD8CFDF00A1DECC /* Repos */ = {
			isa = PBXGroup;
			children = (
				0C3F36FE2FD8CAAC00A1DECC /* WeatherRepository.swift */,
			);
			path = Repos;
			sourceTree = "<group>";
		};
		0C3F37062FD8D00200A1DECC /* Entities */ = {
			isa = PBXGroup;
			children = (
				0C3F36F22FD8B4C900A1DECC /* Coordinate.swift */,
				0C3F36F42FD8B7A900A1DECC /* WeatherEntity.swift */,
			);
			path = Entities;
			sourceTree = "<group>";
		};
		0C3F37072FD8D01700A1DECC /* Mapper */ = {
			isa = PBXGroup;
			children = (
				0C3F36F62FD8B98300A1DECC /* WeatherMapper.swift */,
			);
			path = Mapper;
			sourceTree = "<group>";
		};
		0C3F37082FD8D03600A1DECC /* UseCases */ = {
			isa = PBXGroup;
			children = (
				0C3F37092FD8D05600A1DECC /* WeatherUseCase.swift */,
			);
			path = UseCases;
			sourceTree = "<group>";
		};
		0CF9EF142FD77CB500FB2C6D = {
			isa = PBXGroup;
			children = (
				0CFCABBE2FD876860031F73C /* Config */,
				0CF9EF1F2FD77CB500FB2C6D /* SkyGlass */,
				0CF9EF322FD77CB700FB2C6D /* SkyGlassTests */,
				0CF9EF3C2FD77CB700FB2C6D /* SkyGlassUITests */,
				0CF9EF1E2FD77CB500FB2C6D /* Products */,
			);
			sourceTree = "<group>";
		};
		0CF9EF1E2FD77CB500FB2C6D /* Products */ = {
			isa = PBXGroup;
			children = (
				0CF9EF1D2FD77CB500FB2C6D /* SkyGlass.app */,
				0CF9EF2F2FD77CB700FB2C6D /* SkyGlassTests.xctest */,
				0CF9EF392FD77CB700FB2C6D /* SkyGlassUITests.xctest */,
			);
			name = Products;
			sourceTree = "<group>";
		};
		0CF9EF1F2FD77CB500FB2C6D /* SkyGlass */ = {
			isa = PBXGroup;
			children = (
				0C3F370D2FD8F52A00A1DECC /* Info.plist */,
				0C3F36F82FD8BB1600A1DECC /* Theme */,
				0CF9EF4F2FD7832600FB2C6D /* Views */,
				0CF9EF4E2FD782D600FB2C6D /* Core */,
				0CF9EF4D2FD782CE00FB2C6D /* Modules */,
				0CF9EF4C2FD782C500FB2C6D /* App */,
				0CF9EF262FD77CB600FB2C6D /* Assets.xcassets */,
				0CF9EF282FD77CB600FB2C6D /* Preview Content */,
			);
			path = SkyGlass;
			sourceTree = "<group>";
		};
		0CF9EF282FD77CB600FB2C6D /* Preview Content */ = {
			isa = PBXGroup;
			children = (
				0CF9EF292FD77CB600FB2C6D /* Preview Assets.xcassets */,
				0C29DEAD2FDA0A02006675D9 /* MockData.swift */,
			);
			path = "Preview Content";
			sourceTree = "<group>";
		};
		0CF9EF322FD77CB700FB2C6D /* SkyGlassTests */ = {
			isa = PBXGroup;
			children = (
				0CF9EF332FD77CB700FB2C6D /* SkyGlassTests.swift */,
			);
			path = SkyGlassTests;
			sourceTree = "<group>";
		};
		0CF9EF3C2FD77CB700FB2C6D /* SkyGlassUITests */ = {
			isa = PBXGroup;
			children = (
				0CF9EF3D2FD77CB700FB2C6D /* SkyGlassUITests.swift */,
				0CF9EF3F2FD77CB700FB2C6D /* SkyGlassUITestsLaunchTests.swift */,
			);
			path = SkyGlassUITests;
			sourceTree = "<group>";
		};
		0CF9EF4C2FD782C500FB2C6D /* App */ = {
			isa = PBXGroup;
			children = (
				0CF9EF202FD77CB500FB2C6D /* SkyGlassApp.swift */,
				0CFCAB982FD852700031F73C /* RootViewModel.swift */,
				0CFCAB9A2FD8542A0031F73C /* RootView.swift */,
			);
			path = App;
			sourceTree = "<group>";
		};
		0CF9EF4D2FD782CE00FB2C6D /* Modules */ = {
			isa = PBXGroup;
			children = (
				0CFCABA52FD85C340031F73C /* Favorite */,
				0CFCABA02FD85C340031F73C /* Search */,
				0CFCABAA2FD85C340031F73C /* Weather */,
				0CF9EF572FD78DD400FB2C6D /* Splash */,
			);
			path = Modules;
			sourceTree = "<group>";
		};
		0CF9EF4E2FD782D600FB2C6D /* Core */ = {
			isa = PBXGroup;
			children = (
				0C29DE9F2FD9BD8D006675D9 /* Location */,
				0CF9EF552FD7840900FB2C6D /* Helpers */,
				0CF9EF542FD7840100FB2C6D /* Extensions */,
				0CF9EF532FD783E400FB2C6D /* Network */,
				0CF9EF522FD783DC00FB2C6D /* Routing */,
				0CF9EF512FD783CA00FB2C6D /* DI */,
			);
			path = Core;
			sourceTree = "<group>";
		};
		0CF9EF4F2FD7832600FB2C6D /* Views */ = {
			isa = PBXGroup;
			children = (
				0C29DEB12FDA0C01006675D9 /* GlassCardModifier.swift */,
			);
			path = Views;
			sourceTree = "<group>";
		};
		0CF9EF512FD783CA00FB2C6D /* DI */ = {
			isa = PBXGroup;
			children = (
				0CFCABB32FD8621D0031F73C /* AppContainer.swift */,
			);
			path = DI;
			sourceTree = "<group>";
		};
		0CF9EF522FD783DC00FB2C6D /* Routing */ = {
			isa = PBXGroup;
			children = (
				0CF9EF592FD7A7CC00FB2C6D /* AppRouter.swift */,
			);
			path = Routing;
			sourceTree = "<group>";
		};
		0CF9EF532FD783E400FB2C6D /* Network */ = {
			isa = PBXGroup;
			children = (
				0CFCABB52FD8682C0031F73C /* ApiError.swift */,
				0CFCABB72FD868480031F73C /* ApiConstants.swift */,
				0CFCABB92FD8685E0031F73C /* ApiClient.swift */,
				0CFCABC22FD88CF30031F73C /* ApiKeyInterceptor.swift */,
				0CFCABCA2FD8976C0031F73C /* ApiEndpint.swift */,
			);
			path = Network;
			sourceTree = "<group>";
		};
		0CF9EF542FD7840100FB2C6D /* Extensions */ = {
			isa = PBXGroup;
			children = (
				0C3F36FB2FD8BBF300A1DECC /* String+URL.swift */,
				0C29DEAF2FDA0B85006675D9 /* String+DateFormat.swift */,
			);
			path = Extensions;
			sourceTree = "<group>";
		};
		0CF9EF552FD7840900FB2C6D /* Helpers */ = {
			isa = PBXGroup;
			children = (
				0C29DEB72FDA1FE3006675D9 /* TemperatureColorHelper.swift */,
			);
			path = Helpers;
			sourceTree = "<group>";
		};
		0CF9EF572FD78DD400FB2C6D /* Splash */ = {
			isa = PBXGroup;
			children = (
				0CF9EF582FD78DE200FB2C6D /* Views */,
			);
			path = Splash;
			sourceTree = "<group>";
		};
		0CF9EF582FD78DE200FB2C6D /* Views */ = {
			isa = PBXGroup;
			children = (
				0CFCABB12FD85DF60031F73C /* SplashView.swift */,
			);
			path = Views;
			sourceTree = "<group>";
		};
		0CFCAB9D2FD85C340031F73C /* ViewModels */ = {
			isa = PBXGroup;
			children = (
				0CFCAB9C2FD85C340031F73C /* SearchViewModel.swift */,
			);
			path = ViewModels;
			sourceTree = "<group>";
		};
		0CFCAB9F2FD85C340031F73C /* Views */ = {
			isa = PBXGroup;
			children = (
				0CFCAB9E2FD85C340031F73C /* SearchView.swift */,
			);
			path = Views;
			sourceTree = "<group>";
		};
		0CFCABA02FD85C340031F73C /* Search */ = {
			isa = PBXGroup;
			children = (
				0CFCAB9D2FD85C340031F73C /* ViewModels */,
				0CFCAB9F2FD85C340031F73C /* Views */,
			);
			path = Search;
			sourceTree = "<group>";
		};
		0CFCABA22FD85C340031F73C /* ViewModels */ = {
			isa = PBXGroup;
			children = (
				0CFCABA12FD85C340031F73C /* FavoriteViewModel.swift */,
			);
			path = ViewModels;
			sourceTree = "<group>";
		};
		0CFCABA42FD85C340031F73C /* Views */ = {
			isa = PBXGroup;
			children = (
				0CFCABA32FD85C340031F73C /* FavoriteView.swift */,
			);
			path = Views;
			sourceTree = "<group>";
		};
		0CFCABA52FD85C340031F73C /* Favorite */ = {
			isa = PBXGroup;
			children = (
				0CFCABA22FD85C340031F73C /* ViewModels */,
				0CFCABA42FD85C340031F73C /* Views */,
			);
			path = Favorite;
			sourceTree = "<group>";
		};
		0CFCABA72FD85C340031F73C /* ViewModels */ = {
			isa = PBXGroup;
			children = (
				0CFCABA62FD85C340031F73C /* WeatherViewModel.swift */,
			);
			path = ViewModels;
			sourceTree = "<group>";
		};
		0CFCABA92FD85C340031F73C /* View */ = {
			isa = PBXGroup;
			children = (
				0C29DEA22FD9DEB7006675D9 /* Views */,
				0CFCABA82FD85C340031F73C /* WeatherView.swift */,
				0C29DEBD2FDA2C99006675D9 /* FullDailyForecastView.swift */,
			);
			path = View;
			sourceTree = "<group>";
		};
		0CFCABAA2FD85C340031F73C /* Weather */ = {
			isa = PBXGroup;
			children = (
				0C3F37022FD8CF8600A1DECC /* Presentation */,
				0C3F37012FD8CF8000A1DECC /* Domain */,
				0C3F37002FD8CF7600A1DECC /* Data */,
			);
			path = Weather;
			sourceTree = "<group>";
		};
		0CFCABBE2FD876860031F73C /* Config */ = {
			isa = PBXGroup;
			children = (
				0CFCABBC2FD876860031F73C /* SkyGlass-Local.xcconfig.example */,
				0CFCABBD2FD876860031F73C /* SkyGlass.xcconfig */,
				0CFCABC12FD878D50031F73C /* SkyGlass-Local.xcconfig */,
			);
			path = Config;
			sourceTree = "<group>";
		};
/* End PBXGroup section */

/* Begin PBXNativeTarget section */
		0CF9EF1C2FD77CB500FB2C6D /* SkyGlass */ = {
			isa = PBXNativeTarget;
			buildConfigurationList = 0CF9EF432FD77CB700FB2C6D /* Build configuration list for PBXNativeTarget "SkyGlass" */;
			buildPhases = (
				0CF9EF192FD77CB500FB2C6D /* Sources */,
				0CF9EF1A2FD77CB500FB2C6D /* Frameworks */,
				0CF9EF1B2FD77CB500FB2C6D /* Resources */,
			);
			buildRules = (
			);
			dependencies = (
			);
			name = SkyGlass;
			packageProductDependencies = (
				0CFCABC62FD894250031F73C /* Alamofire */,
			);
			productName = SkyGlass;
			productReference = 0CF9EF1D2FD77CB500FB2C6D /* SkyGlass.app */;
			productType = "com.apple.product-type.application";
		};
		0CF9EF2E2FD77CB700FB2C6D /* SkyGlassTests */ = {
			isa = PBXNativeTarget;
			buildConfigurationList = 0CF9EF462FD77CB700FB2C6D /* Build configuration list for PBXNativeTarget "SkyGlassTests" */;
			buildPhases = (
				0CF9EF2B2FD77CB700FB2C6D /* Sources */,
				0CF9EF2C2FD77CB700FB2C6D /* Frameworks */,
				0CF9EF2D2FD77CB700FB2C6D /* Resources */,
			);
			buildRules = (
			);
			dependencies = (
				0CF9EF312FD77CB700FB2C6D /* PBXTargetDependency */,
			);
			name = SkyGlassTests;
			productName = SkyGlassTests;
			productReference = 0CF9EF2F2FD77CB700FB2C6D /* SkyGlassTests.xctest */;
			productType = "com.apple.product-type.bundle.unit-test";
		};
		0CF9EF382FD77CB700FB2C6D /* SkyGlassUITests */ = {
			isa = PBXNativeTarget;
			buildConfigurationList = 0CF9EF492FD77CB700FB2C6D /* Build configuration list for PBXNativeTarget "SkyGlassUITests" */;
			buildPhases = (
				0CF9EF352FD77CB700FB2C6D /* Sources */,
				0CF9EF362FD77CB700FB2C6D /* Frameworks */,
				0CF9EF372FD77CB700FB2C6D /* Resources */,
			);
			buildRules = (
			);
			dependencies = (
				0CF9EF3B2FD77CB700FB2C6D /* PBXTargetDependency */,
			);
			name = SkyGlassUITests;
			productName = SkyGlassUITests;
			productReference = 0CF9EF392FD77CB700FB2C6D /* SkyGlassUITests.xctest */;
			productType = "com.apple.product-type.bundle.ui-testing";
		};
/* End PBXNativeTarget section */

/* Begin PBXProject section */
		0CF9EF152FD77CB500FB2C6D /* Project object */ = {
			isa = PBXProject;
			attributes = {
				BuildIndependentTargetsInParallel = 1;
				LastSwiftUpdateCheck = 1540;
				LastUpgradeCheck = 1540;
				TargetAttributes = {
					0CF9EF1C2FD77CB500FB2C6D = {
						CreatedOnToolsVersion = 15.4;
					};
					0CF9EF2E2FD77CB700FB2C6D = {
						CreatedOnToolsVersion = 15.4;
						TestTargetID = 0CF9EF1C2FD77CB500FB2C6D;
					};
					0CF9EF382FD77CB700FB2C6D = {
						CreatedOnToolsVersion = 15.4;
						TestTargetID = 0CF9EF1C2FD77CB500FB2C6D;
					};
				};
			};
			buildConfigurationList = 0CF9EF182FD77CB500FB2C6D /* Build configuration list for PBXProject "SkyGlass" */;
			compatibilityVersion = "Xcode 14.0";
			developmentRegion = en;
			hasScannedForEncodings = 0;
			knownRegions = (
				en,
				Base,
			);
			mainGroup = 0CF9EF142FD77CB500FB2C6D;
			packageReferences = (
				0CFCABC52FD894250031F73C /* XCRemoteSwiftPackageReference "alamofire" */,
			);
			productRefGroup = 0CF9EF1E2FD77CB500FB2C6D /* Products */;
			projectDirPath = "";
			projectRoot = "";
			targets = (
				0CF9EF1C2FD77CB500FB2C6D /* SkyGlass */,
				0CF9EF2E2FD77CB700FB2C6D /* SkyGlassTests */,
				0CF9EF382FD77CB700FB2C6D /* SkyGlassUITests */,
			);
		};
/* End PBXProject section */

/* Begin PBXResourcesBuildPhase section */
		0CF9EF1B2FD77CB500FB2C6D /* Resources */ = {
			isa = PBXResourcesBuildPhase;
			buildActionMask = 2147483647;
			files = (
				0CF9EF2A2FD77CB600FB2C6D /* Preview Assets.xcassets in Resources */,
				0CFCABC02FD876860031F73C /* SkyGlass.xcconfig in Resources */,
				0CFCABBF2FD876860031F73C /* SkyGlass-Local.xcconfig.example in Resources */,
				0CF9EF272FD77CB600FB2C6D /* Assets.xcassets in Resources */,
			);
			runOnlyForDeploymentPostprocessing = 0;
		};
		0CF9EF2D2FD77CB700FB2C6D /* Resources */ = {
			isa = PBXResourcesBuildPhase;
			buildActionMask = 2147483647;
			files = (
			);
			runOnlyForDeploymentPostprocessing = 0;
		};
		0CF9EF372FD77CB700FB2C6D /* Resources */ = {
			isa = PBXResourcesBuildPhase;
			buildActionMask = 2147483647;
			files = (
			);
			runOnlyForDeploymentPostprocessing = 0;
		};
/* End PBXResourcesBuildPhase section */

/* Begin PBXSourcesBuildPhase section */
		0CF9EF192FD77CB500FB2C6D /* Sources */ = {
			isa = PBXSourcesBuildPhase;
			buildActionMask = 2147483647;
			files = (
				0C29DEAC2FDA0471006675D9 /* HourlyForecastSection.swift in Sources */,
				0C3F36FF2FD8CAAC00A1DECC /* WeatherRepository.swift in Sources */,
				0CFCABCB2FD8976C0031F73C /* ApiEndpint.swift in Sources */,
				0C29DEB42FDA0DD5006675D9 /* DailyForecastSection.swift in Sources */,
				0C29DEB62FDA1E99006675D9 /* WeatherMetricsGrid.swift in Sources */,
				0C29DEAE2FDA0A02006675D9 /* MockData.swift in Sources */,
				0CFCABAD2FD85C340031F73C /* FavoriteViewModel.swift in Sources */,
				0C3F370C2FD8E8AD00A1DECC /* AppTheme.swift in Sources */,
				0C3F36FC2FD8BBF300A1DECC /* String+URL.swift in Sources */,
				0CFCABAF2FD85C340031F73C /* WeatherViewModel.swift in Sources */,
				0C3F36F12FD8B00800A1DECC /* WeatherResponse.swift in Sources */,
				0C29DE9E2FD9BA11006675D9 /* LocationService.swift in Sources */,
				0C29DEBE2FDA2C99006675D9 /* FullDailyForecastView.swift in Sources */,
				0C3F36F32FD8B4C900A1DECC /* Coordinate.swift in Sources */,
				0CFCABC32FD88CF30031F73C /* ApiKeyInterceptor.swift in Sources */,
				0C3F370A2FD8D05600A1DECC /* WeatherUseCase.swift in Sources */,
				0CFCAB992FD852700031F73C /* RootViewModel.swift in Sources */,
				0CFCABAB2FD85C340031F73C /* SearchViewModel.swift in Sources */,
				0CFCABBA2FD8685E0031F73C /* ApiClient.swift in Sources */,
				0CFCABB82FD868480031F73C /* ApiConstants.swift in Sources */,
				0C29DEB22FDA0C01006675D9 /* GlassCardModifier.swift in Sources */,
				0CF9EF5A2FD7A7CC00FB2C6D /* AppRouter.swift in Sources */,
				0C3F36F72FD8B98300A1DECC /* WeatherMapper.swift in Sources */,
				0CFCAB9B2FD8542A0031F73C /* RootView.swift in Sources */,
				0CFCABAC2FD85C340031F73C /* SearchView.swift in Sources */,
				0CFCABB22FD85DF60031F73C /* SplashView.swift in Sources */,
				0C29DEA42FD9DEC3006675D9 /* CurrentWeatherSection.swift in Sources */,
				0CFCABB62FD8682C0031F73C /* ApiError.swift in Sources */,
				0C29DEB02FDA0B85006675D9 /* String+DateFormat.swift in Sources */,
				0C29DEB82FDA1FE3006675D9 /* TemperatureColorHelper.swift in Sources */,
				0C29DEA12FD9BD9E006675D9 /* LocationError.swift in Sources */,
				0C29DEBC2FDA23F0006675D9 /* MetricCardView.swift in Sources */,
				0C29DEA82FD9EF38006675D9 /* AppTheme+UI.swift in Sources */,
				0CFCABB02FD85C340031F73C /* WeatherView.swift in Sources */,
				0C3F36F52FD8B7A900A1DECC /* WeatherEntity.swift in Sources */,
				0C29DEAA2FDA02BC006675D9 /* AlertSection.swift in Sources */,
				0C29DEA62FD9EDDD006675D9 /* HeaderView.swift in Sources */,
				0C29DEBA2FDA23D9006675D9 /* MiniSparklineView.swift in Sources */,
				0CFCABCF2FD898D00031F73C /* WeatherServices.swift in Sources */,
				0CFCABAE2FD85C340031F73C /* FavoriteView.swift in Sources */,
				0CF9EF212FD77CB500FB2C6D /* SkyGlassApp.swift in Sources */,
				0CFCABB42FD8621D0031F73C /* AppContainer.swift in Sources */,
			);
			runOnlyForDeploymentPostprocessing = 0;
		};
		0CF9EF2B2FD77CB700FB2C6D /* Sources */ = {
			isa = PBXSourcesBuildPhase;
			buildActionMask = 2147483647;
			files = (
				0CF9EF342FD77CB700FB2C6D /* SkyGlassTests.swift in Sources */,
			);
			runOnlyForDeploymentPostprocessing = 0;
		};
		0CF9EF352FD77CB700FB2C6D /* Sources */ = {
			isa = PBXSourcesBuildPhase;
			buildActionMask = 2147483647;
			files = (
				0CF9EF402FD77CB700FB2C6D /* SkyGlassUITestsLaunchTests.swift in Sources */,
				0CF9EF3E2FD77CB700FB2C6D /* SkyGlassUITests.swift in Sources */,
			);
			runOnlyForDeploymentPostprocessing = 0;
		};
/* End PBXSourcesBuildPhase section */

/* Begin PBXTargetDependency section */
		0CF9EF312FD77CB700FB2C6D /* PBXTargetDependency */ = {
			isa = PBXTargetDependency;
			target = 0CF9EF1C2FD77CB500FB2C6D /* SkyGlass */;
			targetProxy = 0CF9EF302FD77CB700FB2C6D /* PBXContainerItemProxy */;
		};
		0CF9EF3B2FD77CB700FB2C6D /* PBXTargetDependency */ = {
			isa = PBXTargetDependency;
			target = 0CF9EF1C2FD77CB500FB2C6D /* SkyGlass */;
			targetProxy = 0CF9EF3A2FD77CB700FB2C6D /* PBXContainerItemProxy */;
		};
/* End PBXTargetDependency section */

/* Begin XCBuildConfiguration section */
		0CF9EF412FD77CB700FB2C6D /* Debug */ = {
			isa = XCBuildConfiguration;
			baseConfigurationReference = 0CFCABC12FD878D50031F73C /* SkyGlass-Local.xcconfig */;
			buildSettings = {
				ALWAYS_SEARCH_USER_PATHS = NO;
				ASSETCATALOG_COMPILER_GENERATE_SWIFT_ASSET_SYMBOL_EXTENSIONS = YES;
				CLANG_ANALYZER_NONNULL = YES;
				CLANG_ANALYZER_NUMBER_OBJECT_CONVERSION = YES_AGGRESSIVE;
				CLANG_CXX_LANGUAGE_STANDARD = "gnu++20";
				CLANG_ENABLE_MODULES = YES;
				CLANG_ENABLE_OBJC_ARC = YES;
				CLANG_ENABLE_OBJC_WEAK = YES;
				CLANG_WARN_BLOCK_CAPTURE_AUTORELEASING = YES;
				CLANG_WARN_BOOL_CONVERSION = YES;
				CLANG_WARN_COMMA = YES;
				CLANG_WARN_CONSTANT_CONVERSION = YES;
				CLANG_WARN_DEPRECATED_OBJC_IMPLEMENTATIONS = YES;
				CLANG_WARN_DIRECT_OBJC_ISA_USAGE = YES_ERROR;
				CLANG_WARN_DOCUMENTATION_COMMENTS = YES;
				CLANG_WARN_EMPTY_BODY = YES;
				CLANG_WARN_ENUM_CONVERSION = YES;
				CLANG_WARN_INFINITE_RECURSION = YES;
				CLANG_WARN_INT_CONVERSION = YES;
				CLANG_WARN_NON_LITERAL_NULL_CONVERSION = YES;
				CLANG_WARN_OBJC_IMPLICIT_RETAIN_SELF = YES;
				CLANG_WARN_OBJC_LITERAL_CONVERSION = YES;
				CLANG_WARN_OBJC_ROOT_CLASS = YES_ERROR;
				CLANG_WARN_QUOTED_INCLUDE_IN_FRAMEWORK_HEADER = YES;
				CLANG_WARN_RANGE_LOOP_ANALYSIS = YES;
				CLANG_WARN_STRICT_PROTOTYPES = YES;
				CLANG_WARN_SUSPICIOUS_MOVE = YES;
				CLANG_WARN_UNGUARDED_AVAILABILITY = YES_AGGRESSIVE;
				CLANG_WARN_UNREACHABLE_CODE = YES;
				CLANG_WARN__DUPLICATE_METHOD_MATCH = YES;
				COPY_PHASE_STRIP = NO;
				DEBUG_INFORMATION_FORMAT = dwarf;
				ENABLE_STRICT_OBJC_MSGSEND = YES;
				ENABLE_TESTABILITY = YES;
				ENABLE_USER_SCRIPT_SANDBOXING = YES;
				GCC_C_LANGUAGE_STANDARD = gnu17;
				GCC_DYNAMIC_NO_PIC = NO;
				GCC_NO_COMMON_BLOCKS = YES;
				GCC_OPTIMIZATION_LEVEL = 0;
				GCC_PREPROCESSOR_DEFINITIONS = (
					"DEBUG=1",
					"$(inherited)",
				);
				GCC_WARN_64_TO_32_BIT_CONVERSION = YES;
				GCC_WARN_ABOUT_RETURN_TYPE = YES_ERROR;
				GCC_WARN_UNDECLARED_SELECTOR = YES;
				GCC_WARN_UNINITIALIZED_AUTOS = YES_AGGRESSIVE;
				GCC_WARN_UNUSED_FUNCTION = YES;
				GCC_WARN_UNUSED_VARIABLE = YES;
				IPHONEOS_DEPLOYMENT_TARGET = 17.5;
				LOCALIZATION_PREFERS_STRING_CATALOGS = YES;
				MTL_ENABLE_DEBUG_INFO = INCLUDE_SOURCE;
				MTL_FAST_MATH = YES;
				ONLY_ACTIVE_ARCH = YES;
				SDKROOT = iphoneos;
				SWIFT_ACTIVE_COMPILATION_CONDITIONS = "DEBUG $(inherited)";
				SWIFT_OPTIMIZATION_LEVEL = "-Onone";
			};
			name = Debug;
		};
		0CF9EF422FD77CB700FB2C6D /* Release */ = {
			isa = XCBuildConfiguration;
			baseConfigurationReference = 0CFCABC12FD878D50031F73C /* SkyGlass-Local.xcconfig */;
			buildSettings = {
				ALWAYS_SEARCH_USER_PATHS = NO;
				ASSETCATALOG_COMPILER_GENERATE_SWIFT_ASSET_SYMBOL_EXTENSIONS = YES;
				CLANG_ANALYZER_NONNULL = YES;
				CLANG_ANALYZER_NUMBER_OBJECT_CONVERSION = YES_AGGRESSIVE;
				CLANG_CXX_LANGUAGE_STANDARD = "gnu++20";
				CLANG_ENABLE_MODULES = YES;
				CLANG_ENABLE_OBJC_ARC = YES;
				CLANG_ENABLE_OBJC_WEAK = YES;
				CLANG_WARN_BLOCK_CAPTURE_AUTORELEASING = YES;
				CLANG_WARN_BOOL_CONVERSION = YES;
				CLANG_WARN_COMMA = YES;
				CLANG_WARN_CONSTANT_CONVERSION = YES;
				CLANG_WARN_DEPRECATED_OBJC_IMPLEMENTATIONS = YES;
				CLANG_WARN_DIRECT_OBJC_ISA_USAGE = YES_ERROR;
				CLANG_WARN_DOCUMENTATION_COMMENTS = YES;
				CLANG_WARN_EMPTY_BODY = YES;
				CLANG_WARN_ENUM_CONVERSION = YES;
				CLANG_WARN_INFINITE_RECURSION = YES;
				CLANG_WARN_INT_CONVERSION = YES;
				CLANG_WARN_NON_LITERAL_NULL_CONVERSION = YES;
				CLANG_WARN_OBJC_IMPLICIT_RETAIN_SELF = YES;
				CLANG_WARN_OBJC_LITERAL_CONVERSION = YES;
				CLANG_WARN_OBJC_ROOT_CLASS = YES_ERROR;
				CLANG_WARN_QUOTED_INCLUDE_IN_FRAMEWORK_HEADER = YES;
				CLANG_WARN_RANGE_LOOP_ANALYSIS = YES;
				CLANG_WARN_STRICT_PROTOTYPES = YES;
				CLANG_WARN_SUSPICIOUS_MOVE = YES;
				CLANG_WARN_UNGUARDED_AVAILABILITY = YES_AGGRESSIVE;
				CLANG_WARN_UNREACHABLE_CODE = YES;
				CLANG_WARN__DUPLICATE_METHOD_MATCH = YES;
				COPY_PHASE_STRIP = NO;
				DEBUG_INFORMATION_FORMAT = "dwarf-with-dsym";
				ENABLE_NS_ASSERTIONS = NO;
				ENABLE_STRICT_OBJC_MSGSEND = YES;
				ENABLE_USER_SCRIPT_SANDBOXING = YES;
				GCC_C_LANGUAGE_STANDARD = gnu17;
				GCC_NO_COMMON_BLOCKS = YES;
				GCC_WARN_64_TO_32_BIT_CONVERSION = YES;
				GCC_WARN_ABOUT_RETURN_TYPE = YES_ERROR;
				GCC_WARN_UNDECLARED_SELECTOR = YES;
				GCC_WARN_UNINITIALIZED_AUTOS = YES_AGGRESSIVE;
				GCC_WARN_UNUSED_FUNCTION = YES;
				GCC_WARN_UNUSED_VARIABLE = YES;
				IPHONEOS_DEPLOYMENT_TARGET = 17.5;
				LOCALIZATION_PREFERS_STRING_CATALOGS = YES;
				MTL_ENABLE_DEBUG_INFO = NO;
				MTL_FAST_MATH = YES;
				SDKROOT = iphoneos;
				SWIFT_COMPILATION_MODE = wholemodule;
				VALIDATE_PRODUCT = YES;
			};
			name = Release;
		};
		0CF9EF442FD77CB700FB2C6D /* Debug */ = {
			isa = XCBuildConfiguration;
			baseConfigurationReference = 0CFCABBD2FD876860031F73C /* SkyGlass.xcconfig */;
			buildSettings = {
				ASSETCATALOG_COMPILER_APPICON_NAME = AppIcon;
				ASSETCATALOG_COMPILER_GLOBAL_ACCENT_COLOR_NAME = AccentColor;
				CODE_SIGN_STYLE = Automatic;
				CURRENT_PROJECT_VERSION = 1;
				DEVELOPMENT_ASSET_PATHS = "\"SkyGlass/Preview Content\"";
				ENABLE_PREVIEWS = YES;
				GENERATE_INFOPLIST_FILE = YES;
				INFOPLIST_FILE = SkyGlass/Info.plist;
				INFOPLIST_KEY_UIApplicationSceneManifest_Generation = YES;
				INFOPLIST_KEY_UIApplicationSupportsIndirectInputEvents = YES;
				INFOPLIST_KEY_UILaunchScreen_Generation = YES;
				INFOPLIST_KEY_UISupportedInterfaceOrientations_iPad = "UIInterfaceOrientationPortrait UIInterfaceOrientationPortraitUpsideDown UIInterfaceOrientationLandscapeLeft UIInterfaceOrientationLandscapeRight";
				INFOPLIST_KEY_UISupportedInterfaceOrientations_iPhone = "UIInterfaceOrientationPortrait UIInterfaceOrientationLandscapeLeft UIInterfaceOrientationLandscapeRight";
				LD_RUNPATH_SEARCH_PATHS = (
					"$(inherited)",
					"@executable_path/Frameworks",
				);
				MARKETING_VERSION = 1.0;
				PRODUCT_BUNDLE_IDENTIFIER = iti.SkyGlass;
				PRODUCT_NAME = "$(TARGET_NAME)";
				SWIFT_EMIT_LOC_STRINGS = YES;
				SWIFT_VERSION = 5.0;
				TARGETED_DEVICE_FAMILY = "1,2";
			};
			name = Debug;
		};
		0CF9EF452FD77CB700FB2C6D /* Release */ = {
			isa = XCBuildConfiguration;
			baseConfigurationReference = 0CFCABBD2FD876860031F73C /* SkyGlass.xcconfig */;
			buildSettings = {
				ASSETCATALOG_COMPILER_APPICON_NAME = AppIcon;
				ASSETCATALOG_COMPILER_GLOBAL_ACCENT_COLOR_NAME = AccentColor;
				CODE_SIGN_STYLE = Automatic;
				CURRENT_PROJECT_VERSION = 1;
				DEVELOPMENT_ASSET_PATHS = "\"SkyGlass/Preview Content\"";
				ENABLE_PREVIEWS = YES;
				GENERATE_INFOPLIST_FILE = YES;
				INFOPLIST_FILE = SkyGlass/Info.plist;
				INFOPLIST_KEY_API_KEY = "$(API_KEY)";
				INFOPLIST_KEY_BASE_URL = "$(BASE_URL)";
				INFOPLIST_KEY_UIApplicationSceneManifest_Generation = YES;
				INFOPLIST_KEY_UIApplicationSupportsIndirectInputEvents = YES;
				INFOPLIST_KEY_UILaunchScreen_Generation = YES;
				INFOPLIST_KEY_UISupportedInterfaceOrientations_iPad = "UIInterfaceOrientationPortrait UIInterfaceOrientationPortraitUpsideDown UIInterfaceOrientationLandscapeLeft UIInterfaceOrientationLandscapeRight";
				INFOPLIST_KEY_UISupportedInterfaceOrientations_iPhone = "UIInterfaceOrientationPortrait UIInterfaceOrientationLandscapeLeft UIInterfaceOrientationLandscapeRight";
				LD_RUNPATH_SEARCH_PATHS = (
					"$(inherited)",
					"@executable_path/Frameworks",
				);
				MARKETING_VERSION = 1.0;
				PRODUCT_BUNDLE_IDENTIFIER = iti.SkyGlass;
				PRODUCT_NAME = "$(TARGET_NAME)";
				SWIFT_EMIT_LOC_STRINGS = YES;
				SWIFT_VERSION = 5.0;
				TARGETED_DEVICE_FAMILY = "1,2";
			};
			name = Release;
		};
		0CF9EF472FD77CB700FB2C6D /* Debug */ = {
			isa = XCBuildConfiguration;
			buildSettings = {
				ALWAYS_EMBED_SWIFT_STANDARD_LIBRARIES = YES;
				BUNDLE_LOADER = "$(TEST_HOST)";
				CODE_SIGN_STYLE = Automatic;
				CURRENT_PROJECT_VERSION = 1;
				GENERATE_INFOPLIST_FILE = YES;
				IPHONEOS_DEPLOYMENT_TARGET = 17.5;
				MARKETING_VERSION = 1.0;
				PRODUCT_BUNDLE_IDENTIFIER = iti.SkyGlassTests;
				PRODUCT_NAME = "$(TARGET_NAME)";
				SWIFT_EMIT_LOC_STRINGS = NO;
				SWIFT_VERSION = 5.0;
				TARGETED_DEVICE_FAMILY = "1,2";
				TEST_HOST = "$(BUILT_PRODUCTS_DIR)/SkyGlass.app/$(BUNDLE_EXECUTABLE_FOLDER_PATH)/SkyGlass";
			};
			name = Debug;
		};
		0CF9EF482FD77CB700FB2C6D /* Release */ = {
			isa = XCBuildConfiguration;
			buildSettings = {
				ALWAYS_EMBED_SWIFT_STANDARD_LIBRARIES = YES;
				BUNDLE_LOADER = "$(TEST_HOST)";
				CODE_SIGN_STYLE = Automatic;
				CURRENT_PROJECT_VERSION = 1;
				GENERATE_INFOPLIST_FILE = YES;
				IPHONEOS_DEPLOYMENT_TARGET = 17.5;
				MARKETING_VERSION = 1.0;
				PRODUCT_BUNDLE_IDENTIFIER = iti.SkyGlassTests;
				PRODUCT_NAME = "$(TARGET_NAME)";
				SWIFT_EMIT_LOC_STRINGS = NO;
				SWIFT_VERSION = 5.0;
				TARGETED_DEVICE_FAMILY = "1,2";
				TEST_HOST = "$(BUILT_PRODUCTS_DIR)/SkyGlass.app/$(BUNDLE_EXECUTABLE_FOLDER_PATH)/SkyGlass";
			};
			name = Release;
		};
		0CF9EF4A2FD77CB700FB2C6D /* Debug */ = {
			isa = XCBuildConfiguration;
			buildSettings = {
				ALWAYS_EMBED_SWIFT_STANDARD_LIBRARIES = YES;
				CODE_SIGN_STYLE = Automatic;
				CURRENT_PROJECT_VERSION = 1;
				GENERATE_INFOPLIST_FILE = YES;
				MARKETING_VERSION = 1.0;
				PRODUCT_BUNDLE_IDENTIFIER = iti.SkyGlassUITests;
				PRODUCT_NAME = "$(TARGET_NAME)";
				SWIFT_EMIT_LOC_STRINGS = NO;
				SWIFT_VERSION = 5.0;
				TARGETED_DEVICE_FAMILY = "1,2";
				TEST_TARGET_NAME = SkyGlass;
			};
			name = Debug;
		};
		0CF9EF4B2FD77CB700FB2C6D /* Release */ = {
			isa = XCBuildConfiguration;
			buildSettings = {
				ALWAYS_EMBED_SWIFT_STANDARD_LIBRARIES = YES;
				CODE_SIGN_STYLE = Automatic;
				CURRENT_PROJECT_VERSION = 1;
				GENERATE_INFOPLIST_FILE = YES;
				MARKETING_VERSION = 1.0;
				PRODUCT_BUNDLE_IDENTIFIER = iti.SkyGlassUITests;
				PRODUCT_NAME = "$(TARGET_NAME)";
				SWIFT_EMIT_LOC_STRINGS = NO;
				SWIFT_VERSION = 5.0;
				TARGETED_DEVICE_FAMILY = "1,2";
				TEST_TARGET_NAME = SkyGlass;
			};
			name = Release;
		};
/* End XCBuildConfiguration section */

/* Begin XCConfigurationList section */
		0CF9EF182FD77CB500FB2C6D /* Build configuration list for PBXProject "SkyGlass" */ = {
			isa = XCConfigurationList;
			buildConfigurations = (
				0CF9EF412FD77CB700FB2C6D /* Debug */,
				0CF9EF422FD77CB700FB2C6D /* Release */,
			);
			defaultConfigurationIsVisible = 0;
			defaultConfigurationName = Release;
		};
		0CF9EF432FD77CB700FB2C6D /* Build configuration list for PBXNativeTarget "SkyGlass" */ = {
			isa = XCConfigurationList;
			buildConfigurations = (
				0CF9EF442FD77CB700FB2C6D /* Debug */,
				0CF9EF452FD77CB700FB2C6D /* Release */,
			);
			defaultConfigurationIsVisible = 0;
			defaultConfigurationName = Release;
		};
		0CF9EF462FD77CB700FB2C6D /* Build configuration list for PBXNativeTarget "SkyGlassTests" */ = {
			isa = XCConfigurationList;
			buildConfigurations = (
				0CF9EF472FD77CB700FB2C6D /* Debug */,
				0CF9EF482FD77CB700FB2C6D /* Release */,
			);
			defaultConfigurationIsVisible = 0;
			defaultConfigurationName = Release;
		};
		0CF9EF492FD77CB700FB2C6D /* Build configuration list for PBXNativeTarget "SkyGlassUITests" */ = {
			isa = XCConfigurationList;
			buildConfigurations = (
				0CF9EF4A2FD77CB700FB2C6D /* Debug */,
				0CF9EF4B2FD77CB700FB2C6D /* Release */,
			);
			defaultConfigurationIsVisible = 0;
			defaultConfigurationName = Release;
		};
/* End XCConfigurationList section */

/* Begin XCRemoteSwiftPackageReference section */
		0CFCABC52FD894250031F73C /* XCRemoteSwiftPackageReference "alamofire" */ = {
			isa = XCRemoteSwiftPackageReference;
			repositoryURL = "https://github.com/alamofire/alamofire";
			requirement = {
				kind = upToNextMajorVersion;
				minimumVersion = 5.8.1;
			};
		};
/* End XCRemoteSwiftPackageReference section */

/* Begin XCSwiftPackageProductDependency section */
		0CFCABC62FD894250031F73C /* Alamofire */ = {
			isa = XCSwiftPackageProductDependency;
			package = 0CFCABC52FD894250031F73C /* XCRemoteSwiftPackageReference "alamofire" */;
			productName = Alamofire;
		};
/* End XCSwiftPackageProductDependency section */
	};
	rootObject = 0CF9EF152FD77CB500FB2C6D /* Project object */;
}
